// !$*UTF8*$!
{
	archiveVersion = 1;
	classes = {
	};
	objectVersion = 50;
	objects = {

/* Begin PBXBuildFile section */
		063806243E87484F6D502A58 /* Pods_Holo_ADSB_CalibrationApp.framework in Frameworks */ = {isa = PBXBuildFile; fileRef = D0E6A85E69CB19915D65FABA /* Pods_Holo_ADSB_CalibrationApp.framework */; };
		A16EE0932221D92900E79D8A /* AppDelegate.swift in Sources */ = {isa = PBXBuildFile; fileRef = A16EE0922221D92900E79D8A /* AppDelegate.swift */; };
		A16EE0952221D92900E79D8A /* ViewController.swift in Sources */ = {isa = PBXBuildFile; fileRef = A16EE0942221D92900E79D8A /* ViewController.swift */; };
		A16EE0982221D92900E79D8A /* Main.storyboard in Resources */ = {isa = PBXBuildFile; fileRef = A16EE0962221D92900E79D8A /* Main.storyboard */; };
		A16EE09A2221D92900E79D8A /* Assets.xcassets in Resources */ = {isa = PBXBuildFile; fileRef = A16EE0992221D92900E79D8A /* Assets.xcassets */; };
		A16EE09D2221D92900E79D8A /* LaunchScreen.storyboard in Resources */ = {isa = PBXBuildFile; fileRef = A16EE09B2221D92900E79D8A /* LaunchScreen.storyboard */; };
		A16EE0A52221DB9900E79D8A /* CoreLocation.framework in Frameworks */ = {isa = PBXBuildFile; fileRef = A16EE0A42221DB9900E79D8A /* CoreLocation.framework */; };
		A16EE0AA2221DDA300E79D8A /* CurrentPoint.psd in Resources */ = {isa = PBXBuildFile; fileRef = A16EE0A62221DDA200E79D8A /* CurrentPoint.psd */; };
		A16EE0AB2221DDA300E79D8A /* CalibratePoint.png in Resources */ = {isa = PBXBuildFile; fileRef = A16EE0A72221DDA200E79D8A /* CalibratePoint.png */; };
		A16EE0AC2221DDA300E79D8A /* CalibratePoint.psd in Resources */ = {isa = PBXBuildFile; fileRef = A16EE0A82221DDA200E79D8A /* CalibratePoint.psd */; };
		A16EE0AD2221DDA300E79D8A /* CurrentPoint.png in Resources */ = {isa = PBXBuildFile; fileRef = A16EE0A92221DDA300E79D8A /* CurrentPoint.png */; };
/* End PBXBuildFile section */

/* Begin PBXFileReference section */
		70DC11FEA8BD0B380AB9AAD4 /* Pods-Holo_ADSB_CalibrationApp.debug.xcconfig */ = {isa = PBXFileReference; includeInIndex = 1; lastKnownFileType = text.xcconfig; name = "Pods-Holo_ADSB_CalibrationApp.debug.xcconfig"; path = "Pods/Target Support Files/Pods-Holo_ADSB_CalibrationApp/Pods-Holo_ADSB_CalibrationApp.debug.xcconfig"; sourceTree = "<group>"; };
		811F880600F498E07741DD82 /* Pods-Holo_ADSB_CalibrationApp.release.xcconfig */ = {isa = PBXFileReference; includeInIndex = 1; lastKnownFileType = text.xcconfig; name = "Pods-Holo_ADSB_CalibrationApp.release.xcconfig"; path = "Pods/Target Support Files/Pods-Holo_ADSB_CalibrationApp/Pods-Holo_ADSB_CalibrationApp.release.xcconfig"; sourceTree = "<group>"; };
		A16EE08F2221D92900E79D8A /* Holo_ADSB_CalibrationApp.app */ = {isa = PBXFileReference; explicitFileType = wrapper.application; includeInIndex = 0; path = Holo_ADSB_CalibrationApp.app; sourceTree = BUILT_PRODUCTS_DIR; };
		A16EE0922221D92900E79D8A /* AppDelegate.swift */ = {isa = PBXFileReference; lastKnownFileType = sourcecode.swift; path = AppDelegate.swift; sourceTree = "<group>"; };
		A16EE0942221D92900E79D8A /* ViewController.swift */ = {isa = PBXFileReference; lastKnownFileType = sourcecode.swift; path = ViewController.swift; sourceTree = "<group>"; };
		A16EE0972221D92900E79D8A /* Base */ = {isa = PBXFileReference; lastKnownFileType = file.storyboard; name = Base; path = Base.lproj/Main.storyboard; sourceTree = "<group>"; };
		A16EE0992221D92900E79D8A /* Assets.xcassets */ = {isa = PBXFileReference; lastKnownFileType = folder.assetcatalog; path = Assets.xcassets; sourceTree = "<group>"; };
		A16EE09C2221D92900E79D8A /* Base */ = {isa = PBXFileReference; lastKnownFileType = file.storyboard; name = Base; path = Base.lproj/LaunchScreen.storyboard; sourceTree = "<group>"; };
		A16EE09E2221D92900E79D8A /* Info.plist */ = {isa = PBXFileReference; lastKnownFileType = text.plist.xml; path = Info.plist; sourceTree = "<group>"; };
		A16EE0A42221DB9900E79D8A /* CoreLocation.framework */ = {isa = PBXFileReference; lastKnownFileType = wrapper.framework; name = CoreLocation.framework; path = System/Library/Frameworks/CoreLocation.framework; sourceTree = SDKROOT; };
		A16EE0A62221DDA200E79D8A /* CurrentPoint.psd */ = {isa = PBXFileReference; lastKnownFileType = file; path = CurrentPoint.psd; sourceTree = "<group>"; };
		A16EE0A72221DDA200E79D8A /* CalibratePoint.png */ = {isa = PBXFileReference; lastKnownFileType = image.png; path = CalibratePoint.png; sourceTree = "<group>"; };
		A16EE0A82221DDA200E79D8A /* CalibratePoint.psd */ = {isa = PBXFileReference; lastKnownFileType = file; path = CalibratePoint.psd; sourceTree = "<group>"; };
		A16EE0A92221DDA300E79D8A /* CurrentPoint.png */ = {isa = PBXFileReference; lastKnownFileType = image.png; path = CurrentPoint.png; sourceTree = "<group>"; };
		D0E6A85E69CB19915D65FABA /* Pods_Holo_ADSB_CalibrationApp.framework */ = {isa = PBXFileReference; explicitFileType = wrapper.framework; includeInIndex = 0; path = Pods_Holo_ADSB_CalibrationApp.framework; sourceTree = BUILT_PRODUCTS_DIR; };
/* End PBXFileReference section */

/* Begin PBXFrameworksBuildPhase section */
		A16EE08C2221D92900E79D8A /* Frameworks */ = {
			isa = PBXFrameworksBuildPhase;
			buildActionMask = 2147483647;
			files = (
				A16EE0A52221DB9900E79D8A /* CoreLocation.framework in Frameworks */,
				063806243E87484F6D502A58 /* Pods_Holo_ADSB_CalibrationApp.framework in Frameworks */,
			);
			runOnlyForDeploymentPostprocessing = 0;
		};
/* End PBXFrameworksBuildPhase section */

/* Begin PBXGroup section */
		394B829176972E2889515F6A /* Pods */ = {
			isa = PBXGroup;
			children = (
				70DC11FEA8BD0B380AB9AAD4 /* Pods-Holo_ADSB_CalibrationApp.debug.xcconfig */,
				811F880600F498E07741DD82 /* Pods-Holo_ADSB_CalibrationApp.release.xcconfig */,
			);
			name = Pods;
			sourceTree = "<group>";
		};
		A16EE0862221D92900E79D8A = {
			isa = PBXGroup;
			children = (
				A16EE0912221D92900E79D8A /* Holo_ADSB_CalibrationApp */,
				A16EE0902221D92900E79D8A /* Products */,
				394B829176972E2889515F6A /* Pods */,
				BAC1A032DD1C33E31EA8F705 /* Frameworks */,
			);
			sourceTree = "<group>";
		};
		A16EE0902221D92900E79D8A /* Products */ = {
			isa = PBXGroup;
			children = (
				A16EE08F2221D92900E79D8A /* Holo_ADSB_CalibrationApp.app */,
			);
			name = Products;
			sourceTree = "<group>";
		};
		A16EE0912221D92900E79D8A /* Holo_ADSB_CalibrationApp */ = {
			isa = PBXGroup;
			children = (
				A16EE0A72221DDA200E79D8A /* CalibratePoint.png */,
				A16EE0A82221DDA200E79D8A /* CalibratePoint.psd */,
				A16EE0A92221DDA300E79D8A /* CurrentPoint.png */,
				A16EE0A62221DDA200E79D8A /* CurrentPoint.psd */,
				A16EE0922221D92900E79D8A /* AppDelegate.swift */,
				A16EE0942221D92900E79D8A /* ViewController.swift */,
				A16EE0962221D92900E79D8A /* Main.storyboard */,
				A16EE0992221D92900E79D8A /* Assets.xcassets */,
				A16EE09B2221D92900E79D8A /* LaunchScreen.storyboard */,
				A16EE09E2221D92900E79D8A /* Info.plist */,
			);
			path = Holo_ADSB_CalibrationApp;
			sourceTree = "<group>";
		};
		BAC1A032DD1C33E31EA8F705 /* Frameworks */ = {
			isa = PBXGroup;
			children = (
				A16EE0A42221DB9900E79D8A /* CoreLocation.framework */,
				D0E6A85E69CB19915D65FABA /* Pods_Holo_ADSB_CalibrationApp.framework */,
			);
			name = Frameworks;
			sourceTree = "<group>";
		};
/* End PBXGroup section */

/* Begin PBXNativeTarget section */
		A16EE08E2221D92900E79D8A /* Holo_ADSB_CalibrationApp */ = {
			isa = PBXNativeTarget;
			buildConfigurationList = A16EE0A12221D92900E79D8A /* Build configuration list for PBXNativeTarget "Holo_ADSB_CalibrationApp" */;
			buildPhases = (
				FC328099FAD6268B287A463D /* [CP] Check Pods Manifest.lock */,
				A16EE08B2221D92900E79D8A /* Sources */,
				A16EE08C2221D92900E79D8A /* Frameworks */,
				A16EE08D2221D92900E79D8A /* Resources */,
				7C9D2E9B30BEBEC5ABC3AAD4 /* [CP] Copy Pods Resources */,
			);
			buildRules = (
			);
			dependencies = (
			);
			name = Holo_ADSB_CalibrationApp;
			productName = Holo_ADSB_CalibrationApp;
			productReference = A16EE08F2221D92900E79D8A /* Holo_ADSB_CalibrationApp.app */;
			productType = "com.apple.product-type.application";
		};
/* End PBXNativeTarget section */

/* Begin PBXProject section */
		A16EE0872221D92900E79D8A /* Project object */ = {
			isa = PBXProject;
			attributes = {
				LastSwiftUpdateCheck = 1010;
				LastUpgradeCheck = 1010;
				ORGANIZATIONNAME = katsuwo;
				TargetAttributes = {
					A16EE08E2221D92900E79D8A = {
						CreatedOnToolsVersion = 10.1;
					};
				};
			};
			buildConfigurationList = A16EE08A2221D92900E79D8A /* Build configuration list for PBXProject "Holo_ADSB_CalibrationApp" */;
			compatibilityVersion = "Xcode 9.3";
			developmentRegion = en;
			hasScannedForEncodings = 0;
			knownRegions = (
				en,
				Base,
			);
			mainGroup = A16EE0862221D92900E79D8A;
			productRefGroup = A16EE0902221D92900E79D8A /* Products */;
			projectDirPath = "";
			projectRoot = "";
			targets = (
				A16EE08E2221D92900E79D8A /* Holo_ADSB_CalibrationApp */,
			);
		};
/* End PBXProject section */

/* Begin PBXResourcesBuildPhase section */
		A16EE08D2221D92900E79D8A /* Resources */ = {
			isa = PBXResourcesBuildPhase;
			buildActionMask = 2147483647;
			files = (
				A16EE0AC2221DDA300E79D8A /* CalibratePoint.psd in Resources */,
				A16EE0AB2221DDA300E79D8A /* CalibratePoint.png in Resources */,
				A16EE0AD2221DDA300E79D8A /* CurrentPoint.png in Resources */,
				A16EE09D2221D92900E79D8A /* LaunchScreen.storyboard in Resources */,
				A16EE09A2221D92900E79D8A /* Assets.xcassets in Resources */,
				A16EE0AA2221DDA300E79D8A /* CurrentPoint.psd in Resources */,
				A16EE0982221D92900E79D8A /* Main.storyboard in Resources */,
			);
			runOnlyForDeploymentPostprocessing = 0;
		};
/* End PBXResourcesBuildPhase section */

/* Begin PBXShellScriptBuildPhase section */
		7C9D2E9B30BEBEC5ABC3AAD4 /* [CP] Copy Pods Resources */ = {
			isa = PBXShellScriptBuildPhase;
			buildActionMask = 2147483647;
			files = (
			);
			inputPaths = (
				"${SRCROOT}/Pods/Target Support Files/Pods-Holo_ADSB_CalibrationApp/Pods-Holo_ADSB_CalibrationApp-resources.sh",
				"${PODS_ROOT}/GoogleMaps/Maps/Frameworks/GoogleMaps.framework/Resources/GoogleMaps.bundle",
			);
			name = "[CP] Copy Pods Resources";
			outputPaths = (
				"${TARGET_BUILD_DIR}/${UNLOCALIZED_RESOURCES_FOLDER_PATH}/GoogleMaps.bundle",
			);
			runOnlyForDeploymentPostprocessing = 0;
			shellPath = /bin/sh;
			shellScript = "\"${SRCROOT}/Pods/Target Support Files/Pods-Holo_ADSB_CalibrationApp/Pods-Holo_ADSB_CalibrationApp-resources.sh\"\n";
			showEnvVarsInLog = 0;
		};
		FC328099FAD6268B287A463D /* [CP] Check Pods Manifest.lock */ = {
			isa = PBXShellScriptBuildPhase;
			buildActionMask = 2147483647;
			files = (
			);
			inputPaths = (
				"${PODS_PODFILE_DIR_PATH}/Podfile.lock",
				"${PODS_ROOT}/Manifest.lock",
			);
			name = "[CP] Check Pods Manifest.lock";
			outputPaths = (
				"$(DERIVED_FILE_DIR)/Pods-Holo_ADSB_CalibrationApp-checkManifestLockResult.txt",
			);
			runOnlyForDeploymentPostprocessing = 0;
			shellPath = /bin/sh;
			shellScript = "diff \"${PODS_PODFILE_DIR_PATH}/Podfile.lock\" \"${PODS_ROOT}/Manifest.lock\" > /dev/null\nif [ $? != 0 ] ; then\n    # print error to STDERR\n    echo \"error: The sandbox is not in sync with the Podfile.lock. Run 'pod install' or update your CocoaPods installation.\" >&2\n    exit 1\nfi\n# This output is used by Xcode 'outputs' to avoid re-running this script phase.\necho \"SUCCESS\" > \"${SCRIPT_OUTPUT_FILE_0}\"\n";
			showEnvVarsInLog = 0;
		};
/* End PBXShellScriptBuildPhase section */

/* Begin PBXSourcesBuildPhase section */
		A16EE08B2221D92900E79D8A /* Sources */ = {
			isa = PBXSourcesBuildPhase;
			buildActionMask = 2147483647;
			files = (
				A16EE0952221D92900E79D8A /* ViewController.swift in Sources */,
				A16EE0932221D92900E79D8A /* AppDelegate.swift in Sources */,
			);
			runOnlyForDeploymentPostprocessing = 0;
		};
/* End PBXSourcesBuildPhase section */

/* Begin PBXVariantGroup section */
		A16EE0962221D92900E79D8A /* Main.storyboard */ = {
			isa = PBXVariantGroup;
			children = (
				A16EE0972221D92900E79D8A /* Base */,
			);
			name = Main.storyboard;
			sourceTree = "<group>";
		};
		A16EE09B2221D92900E79D8A /* LaunchScreen.storyboard */ = {
			isa = PBXVariantGroup;
			children = (
				A16EE09C2221D92900E79D8A /* Base */,
			);
			name = LaunchScreen.storyboard;
			sourceTree = "<group>";
		};
/* End PBXVariantGroup section */

/* Begin XCBuildConfiguration section */
		A16EE09F2221D92900E79D8A /* Debug */ = {
			isa = XCBuildConfiguration;
			buildSettings = {
				ALWAYS_SEARCH_USER_PATHS = NO;
				CLANG_ANALYZER_NONNULL = YES;
				CLANG_ANALYZER_NUMBER_OBJECT_CONVERSION = YES_AGGRESSIVE;
				CLANG_CXX_LANGUAGE_STANDARD = "gnu++14";
				CLANG_CXX_LIBRARY = "libc++";
				CLANG_ENABLE_MODULES = YES;
				CLANG_ENABLE_OBJC_ARC = YES;
				CLANG_ENABLE_OBJC_WEAK = YES;
				CLANG_WARN_BLOCK_CAPTURE_AUTORELEASING = YES;
				CLANG_WARN_BOOL_CONVERSION = YES;
				CLANG_WARN_COMMA = YES;
				CLANG_WARN_CONSTANT_CONVERSION = YES;
				CLANG_WARN_DEPRECATED_OBJC_IMPLEMENTATIONS = YES;
				CLANG_WARN_DIRECT_OBJC_ISA_USAGE = YES_ERROR;
				CLANG_WARN_DOCUMENTATION_COMMENTS = YES;
				CLANG_WARN_EMPTY_BODY = YES;
				CLANG_WARN_ENUM_CONVERSION = YES;
				CLANG_WARN_INFINITE_RECURSION = YES;
				CLANG_WARN_INT_CONVERSION = YES;
				CLANG_WARN_NON_LITERAL_NULL_CONVERSION = YES;
				CLANG_WARN_OBJC_IMPLICIT_RETAIN_SELF = YES;
				CLANG_WARN_OBJC_LITERAL_CONVERSION = YES;
				CLANG_WARN_OBJC_ROOT_CLASS = YES_ERROR;
				CLANG_WARN_RANGE_LOOP_ANALYSIS = YES;
				CLANG_WARN_STRICT_PROTOTYPES = YES;
				CLANG_WARN_SUSPICIOUS_MOVE = YES;
				CLANG_WARN_UNGUARDED_AVAILABILITY = YES_AGGRESSIVE;
				CLANG_WARN_UNREACHABLE_CODE = YES;
				CLANG_WARN__DUPLICATE_METHOD_MATCH = YES;
				CODE_SIGN_IDENTITY = "iPhone Developer";
				COPY_PHASE_STRIP = NO;
				DEBUG_INFORMATION_FORMAT = dwarf;
				ENABLE_STRICT_OBJC_MSGSEND = YES;
				ENABLE_TESTABILITY = YES;
				GCC_C_LANGUAGE_STANDARD = gnu11;
				GCC_DYNAMIC_NO_PIC = NO;
				GCC_NO_COMMON_BLOCKS = YES;
				GCC_OPTIMIZATION_LEVEL = 0;
				GCC_PREPROCESSOR_DEFINITIONS = (
					"DEBUG=1",
					"$(inherited)",
				);
				GCC_WARN_64_TO_32_BIT_CONVERSION = YES;
				GCC_WARN_ABOUT_RETURN_TYPE = YES_ERROR;
				GCC_WARN_UNDECLARED_SELECTOR = YES;
				GCC_WARN_UNINITIALIZED_AUTOS = YES_AGGRESSIVE;
				GCC_WARN_UNUSED_FUNCTION = YES;
				GCC_WARN_UNUSED_VARIABLE = YES;
				IPHONEOS_DEPLOYMENT_TARGET = 12.1;
				MTL_ENABLE_DEBUG_INFO = INCLUDE_SOURCE;
				MTL_FAST_MATH = YES;
				ONLY_ACTIVE_ARCH = YES;
				SDKROOT = iphoneos;
				SWIFT_ACTIVE_COMPILATION_CONDITIONS = DEBUG;
				SWIFT_OPTIMIZATION_LEVEL = "-Onone";
			};
			name = Debug;
		};
		A16EE0A02221D92900E79D8A /* Release */ = {
			isa = XCBuildConfiguration;
			buildSettings = {
				ALWAYS_SEARCH_USER_PATHS = NO;
				CLANG_ANALYZER_NONNULL = YES;
				CLANG_ANALYZER_NUMBER_OBJECT_CONVERSION = YES_AGGRESSIVE;
				CLANG_CXX_LANGUAGE_STANDARD = "gnu++14";
				CLANG_CXX_LIBRARY = "libc++";
				CLANG_ENABLE_MODULES = YES;
				CLANG_ENABLE_OBJC_ARC = YES;
				CLANG_ENABLE_OBJC_WEAK = YES;
				CLANG_WARN_BLOCK_CAPTURE_AUTORELEASING = YES;
				CLANG_WARN_BOOL_CONVERSION = YES;
				CLANG_WARN_COMMA = YES;
				CLANG_WARN_CONSTANT_CONVERSION = YES;
				CLANG_WARN_DEPRECATED_OBJC_IMPLEMENTATIONS = YES;
				CLANG_WARN_DIRECT_OBJC_ISA_USAGE = YES_ERROR;
				CLANG_WARN_DOCUMENTATION_COMMENTS = YES;
				CLANG_WARN_EMPTY_BODY = YES;
				CLANG_WARN_ENUM_CONVERSION = YES;
				CLANG_WARN_INFINITE_RECURSION = YES;
				CLANG_WARN_INT_CONVERSION = YES;
				CLANG_WARN_NON_LITERAL_NULL_CONVERSION = YES;
				CLANG_WARN_OBJC_IMPLICIT_RETAIN_SELF = YES;
				CLANG_WARN_OBJC_LITERAL_CONVERSION = YES;
				CLANG_WARN_OBJC_ROOT_CLASS = YES_ERROR;
				CLANG_WARN_RANGE_LOOP_ANALYSIS = YES;
				CLANG_WARN_STRICT_PROTOTYPES = YES;
				CLANG_WARN_SUSPICIOUS_MOVE = YES;
				CLANG_WARN_UNGUARDED_AVAILABILITY = YES_AGGRESSIVE;
				CLANG_WARN_UNREACHABLE_CODE = YES;
				CLANG_WARN__DUPLICATE_METHOD_MATCH = YES;
				CODE_SIGN_IDENTITY = "iPhone Developer";
				COPY_PHASE_STRIP = NO;
				DEBUG_INFORMATION_FORMAT = "dwarf-with-dsym";
				ENABLE_NS_ASSERTIONS = NO;
				ENABLE_STRICT_OBJC_MSGSEND = YES;
				GCC_C_LANGUAGE_STANDARD = gnu11;
				GCC_NO_COMMON_BLOCKS = YES;
				GCC_WARN_64_TO_32_BIT_CONVERSION = YES;
				GCC_WARN_ABOUT_RETURN_TYPE = YES_ERROR;
				GCC_WARN_UNDECLARED_SELECTOR = YES;
				GCC_WARN_UNINITIALIZED_AUTOS = YES_AGGRESSIVE;
				GCC_WARN_UNUSED_FUNCTION = YES;
				GCC_WARN_UNUSED_VARIABLE = YES;
				IPHONEOS_DEPLOYMENT_TARGET = 12.1;
				MTL_ENABLE_DEBUG_INFO = NO;
				MTL_FAST_MATH = YES;
				SDKROOT = iphoneos;
				SWIFT_COMPILATION_MODE = wholemodule;
				SWIFT_OPTIMIZATION_LEVEL = "-O";
				VALIDATE_PRODUCT = YES;
			};
			name = Release;
		};
		A16EE0A22221D92900E79D8A /* Debug */ = {
			isa = XCBuildConfiguration;
			baseConfigurationReference = 70DC11FEA8BD0B380AB9AAD4 /* Pods-Holo_ADSB_CalibrationApp.debug.xcconfig */;
			buildSettings = {
				ASSETCATALOG_COMPILER_APPICON_NAME = AppIcon;
				CODE_SIGN_STYLE = Automatic;
				DEVELOPMENT_TEAM = 3NDZKW4B64;
				INFOPLIST_FILE = Holo_ADSB_CalibrationApp/Info.plist;
				LD_RUNPATH_SEARCH_PATHS = (
					"$(inherited)",
					"@executable_path/Frameworks",
				);
				PRODUCT_BUNDLE_IDENTIFIER = "sonic-labo.com.Holo-ADSB-CalibrationApp";
				PRODUCT_NAME = "$(TARGET_NAME)";
				SWIFT_VERSION = 4.2;
				TARGETED_DEVICE_FAMILY = "1,2";
			};
			name = Debug;
		};
		A16EE0A32221D92900E79D8A /* Release */ = {
			isa = XCBuildConfiguration;
			baseConfigurationReference = 811F880600F498E07741DD82 /* Pods-Holo_ADSB_CalibrationApp.release.xcconfig */;
			buildSettings = {
				ASSETCATALOG_COMPILER_APPICON_NAME = AppIcon;
				CODE_SIGN_STYLE = Automatic;
				DEVELOPMENT_TEAM = 3NDZKW4B64;
				INFOPLIST_FILE = Holo_ADSB_CalibrationApp/Info.plist;
				LD_RUNPATH_SEARCH_PATHS = (
					"$(inherited)",
					"@executable_path/Frameworks",
				);
				PRODUCT_BUNDLE_IDENTIFIER = "sonic-labo.com.Holo-ADSB-CalibrationApp";
				PRODUCT_NAME = "$(TARGET_NAME)";
				SWIFT_VERSION = 4.2;
				TARGETED_DEVICE_FAMILY = "1,2";
			};
			name = Release;
		};
/* End XCBuildConfiguration section */

/* Begin XCConfigurationList section */
		A16EE08A2221D92900E79D8A /* Build configuration list for PBXProject "Holo_ADSB_CalibrationApp" */ = {
			isa = XCConfigurationList;
			buildConfigurations = (
				A16EE09F2221D92900E79D8A /* Debug */,
				A16EE0A02221D92900E79D8A /* Release */,
			);
			defaultConfigurationIsVisible = 0;
			defaultConfigurationName = Release;
		};
		A16EE0A12221D92900E79D8A /* Build configuration list for PBXNativeTarget "Holo_ADSB_CalibrationApp" */ = {
			isa = XCConfigurationList;
			buildConfigurations = (
				A16EE0A22221D92900E79D8A /* Debug */,
				A16EE0A32221D92900E79D8A /* Release */,
			);
			defaultConfigurationIsVisible = 0;
			defaultConfigurationName = Release;
		};
/* End XCConfigurationList section */
	};
	rootObject = A16EE0872221D92900E79D8A /* Project object */;
}
